Microsoft Visual Studio Solution File, Format Version 11.00
# Visual Studio 2008

Project("{0C38B373-8A24-576C-1F79-2682B6C98ED7}") = "block2d", "Assembly-CSharp.csproj", "{9BFB3DB9-7966-E346-8C63-30918FEF5D8F}"
EndProject
Global
	GlobalSection(SolutionConfigurationPlatforms) = preSolution
		Debug|Any CPU = Debug|Any CPU
		Release|Any CPU = Release|Any CPU
	EndGlobalSection
	GlobalSection(ProjectConfigurationPlatforms) = postSolution
		{9BFB3DB9-7966-E346-8C63-30918FEF5D8F}.Debug|Any CPU.ActiveCfg = Debug|Any CPU
		{9BFB3DB9-7966-E346-8C63-30918FEF5D8F}.Debug|Any CPU.Build.0 = Debug|Any CPU
		{9BFB3DB9-7966-E346-8C63-30918FEF5D8F}.Release|Any CPU.ActiveCfg = Release|Any CPU
		{9BFB3DB9-7966-E346-8C63-30918FEF5D8F}.Release|Any CPU.Build.0 = Release|Any CPU
	EndGlobalSection
	GlobalSection(SolutionProperties) = preSolution
		HideSolutionNode = FALSE
	EndGlobalSection
	GlobalSection(MonoDevelopProperties) = preSolution
		StartupItem = Assembly-CSharp.csproj
	EndGlobalSection
EndGlobal
